
Microsoft Visual Studio Solution File, Format Version 12.00
# Visual Studio 15
VisualStudioVersion = 15.0.28307.902
MinimumVisualStudioVersion = 10.0.40219.1
Project("{FAE04EC0-301F-11D3-BF4B-00C04F79EFBC}") = "WindowHelper", "WindowHelper\WindowHelper.csproj", "{9A4462D3-9FF7-47F9-9950-C0220E6CB381}"
EndProject
Global
	GlobalSection(SolutionConfigurationPlatforms) = preSolution
		Debug|Any CPU = Debug|Any CPU
		Release|Any CPU = Release|Any CPU
	EndGlobalSection
	GlobalSection(ProjectConfigurationPlatforms) = postSolution
		{9A4462D3-9FF7-47F9-9950-C0220E6CB381}.Debug|Any CPU.ActiveCfg = Debug|Any CPU
		{9A4462D3-9FF7-47F9-9950-C0220E6CB381}.Debug|Any CPU.Build.0 = Debug|Any CPU
		{9A4462D3-9FF7-47F9-9950-C0220E6CB381}.Release|Any CPU.ActiveCfg = Release|Any CPU
		{9A4462D3-9FF7-47F9-9950-C0220E6CB381}.Release|Any CPU.Build.0 = Release|Any CPU
	EndGlobalSection
	GlobalSection(SolutionProperties) = preSolution
		HideSolutionNode = FALSE
	EndGlobalSection
	GlobalSection(ExtensibilityGlobals) = postSolution
		SolutionGuid = {91580DBF-8998-405E-A64D-B594013B8122}
	EndGlobalSection
EndGlobal
